// !$*UTF8*$!
{
	archiveVersion = 1;
	classes = {
	};
	objectVersion = 50;
	objects = {

/* Begin PBXBuildFile section */
		BA049376231547170007B8D7 /* CustomViewPageViewController.swift in Sources */ = {isa = PBXBuildFile; fileRef = BA049375231547170007B8D7 /* CustomViewPageViewController.swift */; };
		BA0493782315484E0007B8D7 /* SecondViewPage.swift in Sources */ = {isa = PBXBuildFile; fileRef = BA0493772315484E0007B8D7 /* SecondViewPage.swift */; };
		BA0AC04823140FAF007DCD1A /* AppDelegate.swift in Sources */ = {isa = PBXBuildFile; fileRef = BA0AC04723140FAF007DCD1A /* AppDelegate.swift */; };
		BA0AC04A23140FAF007DCD1A /* ViewController.swift in Sources */ = {isa = PBXBuildFile; fileRef = BA0AC04923140FAF007DCD1A /* ViewController.swift */; };
		BA0AC04D23140FAF007DCD1A /* Main.storyboard in Resources */ = {isa = PBXBuildFile; fileRef = BA0AC04B23140FAF007DCD1A /* Main.storyboard */; };
		BA0AC04F23140FB1007DCD1A /* Assets.xcassets in Resources */ = {isa = PBXBuildFile; fileRef = BA0AC04E23140FB1007DCD1A /* Assets.xcassets */; };
		BA0AC05223140FB1007DCD1A /* LaunchScreen.storyboard in Resources */ = {isa = PBXBuildFile; fileRef = BA0AC05023140FB1007DCD1A /* LaunchScreen.storyboard */; };
/* End PBXBuildFile section */

/* Begin PBXFileReference section */
		BA049375231547170007B8D7 /* CustomViewPageViewController.swift */ = {isa = PBXFileReference; lastKnownFileType = sourcecode.swift; path = CustomViewPageViewController.swift; sourceTree = "<group>"; };
		BA0493772315484E0007B8D7 /* SecondViewPage.swift */ = {isa = PBXFileReference; lastKnownFileType = sourcecode.swift; path = SecondViewPage.swift; sourceTree = "<group>"; };
		BA0AC04423140FAF007DCD1A /* CustomUIViewPagerController.app */ = {isa = PBXFileReference; explicitFileType = wrapper.application; includeInIndex = 0; path = CustomUIViewPagerController.app; sourceTree = BUILT_PRODUCTS_DIR; };
		BA0AC04723140FAF007DCD1A /* AppDelegate.swift */ = {isa = PBXFileReference; lastKnownFileType = sourcecode.swift; path = AppDelegate.swift; sourceTree = "<group>"; };
		BA0AC04923140FAF007DCD1A /* ViewController.swift */ = {isa = PBXFileReference; lastKnownFileType = sourcecode.swift; path = ViewController.swift; sourceTree = "<group>"; };
		BA0AC04C23140FAF007DCD1A /* Base */ = {isa = PBXFileReference; lastKnownFileType = file.storyboard; name = Base; path = Base.lproj/Main.storyboard; sourceTree = "<group>"; };
		BA0AC04E23140FB1007DCD1A /* Assets.xcassets */ = {isa = PBXFileReference; lastKnownFileType = folder.assetcatalog; path = Assets.xcassets; sourceTree = "<group>"; };
		BA0AC05123140FB1007DCD1A /* Base */ = {isa = PBXFileReference; lastKnownFileType = file.storyboard; name = Base; path = Base.lproj/LaunchScreen.storyboard; sourceTree = "<group>"; };
		BA0AC05323140FB1007DCD1A /* Info.plist */ = {isa = PBXFileReference; lastKnownFileType = text.plist.xml; path = Info.plist; sourceTree = "<group>"; };
/* End PBXFileReference section */

/* Begin PBXFrameworksBuildPhase section */
		BA0AC04123140FAF007DCD1A /* Frameworks */ = {
			isa = PBXFrameworksBuildPhase;
			buildActionMask = 2147483647;
			files = (
			);
			runOnlyForDeploymentPostprocessing = 0;
		};
/* End PBXFrameworksBuildPhase section */

/* Begin PBXGroup section */
		BA0AC03B23140FAF007DCD1A = {
			isa = PBXGroup;
			children = (
				BA0AC04623140FAF007DCD1A /* CustomUIViewPagerController */,
				BA0AC04523140FAF007DCD1A /* Products */,
			);
			sourceTree = "<group>";
		};
		BA0AC04523140FAF007DCD1A /* Products */ = {
			isa = PBXGroup;
			children = (
				BA0AC04423140FAF007DCD1A /* CustomUIViewPagerController.app */,
			);
			name = Products;
			sourceTree = "<group>";
		};
		BA0AC04623140FAF007DCD1A /* CustomUIViewPagerController */ = {
			isa = PBXGroup;
			children = (
				BA0AC04723140FAF007DCD1A /* AppDelegate.swift */,
				BA0AC04923140FAF007DCD1A /* ViewController.swift */,
				BA0AC04B23140FAF007DCD1A /* Main.storyboard */,
				BA0AC04E23140FB1007DCD1A /* Assets.xcassets */,
				BA0AC05023140FB1007DCD1A /* LaunchScreen.storyboard */,
				BA0AC05323140FB1007DCD1A /* Info.plist */,
				BA049375231547170007B8D7 /* CustomViewPageViewController.swift */,
				BA0493772315484E0007B8D7 /* SecondViewPage.swift */,
			);
			path = CustomUIViewPagerController;
			sourceTree = "<group>";
		};
/* End PBXGroup section */

/* Begin PBXNativeTarget section */
		BA0AC04323140FAF007DCD1A /* CustomUIViewPagerController */ = {
			isa = PBXNativeTarget;
			buildConfigurationList = BA0AC05623140FB1007DCD1A /* Build configuration list for PBXNativeTarget "CustomUIViewPagerController" */;
			buildPhases = (
				BA0AC04023140FAF007DCD1A /* Sources */,
				BA0AC04123140FAF007DCD1A /* Frameworks */,
				BA0AC04223140FAF007DCD1A /* Resources */,
			);
			buildRules = (
			);
			dependencies = (
			);
			name = CustomUIViewPagerController;
			productName = CustomUIViewPagerController;
			productReference = BA0AC04423140FAF007DCD1A /* CustomUIViewPagerController.app */;
			productType = "com.apple.product-type.application";
		};
/* End PBXNativeTarget section */

/* Begin PBXProject section */
		BA0AC03C23140FAF007DCD1A /* Project object */ = {
			isa = PBXProject;
			attributes = {
				LastSwiftUpdateCheck = 1020;
				LastUpgradeCheck = 1020;
				ORGANIZATIONNAME = Mohamed74;
				TargetAttributes = {
					BA0AC04323140FAF007DCD1A = {
						CreatedOnToolsVersion = 10.2;
					};
				};
			};
			buildConfigurationList = BA0AC03F23140FAF007DCD1A /* Build configuration list for PBXProject "CustomUIViewPagerController" */;
			compatibilityVersion = "Xcode 9.3";
			developmentRegion = en;
			hasScannedForEncodings = 0;
			knownRegions = (
				en,
				Base,
			);
			mainGroup = BA0AC03B23140FAF007DCD1A;
			productRefGroup = BA0AC04523140FAF007DCD1A /* Products */;
			projectDirPath = "";
			projectRoot = "";
			targets = (
				BA0AC04323140FAF007DCD1A /* CustomUIViewPagerController */,
			);
		};
/* End PBXProject section */

/* Begin PBXResourcesBuildPhase section */
		BA0AC04223140FAF007DCD1A /* Resources */ = {
			isa = PBXResourcesBuildPhase;
			buildActionMask = 2147483647;
			files = (
				BA0AC05223140FB1007DCD1A /* LaunchScreen.storyboard in Resources */,
				BA0AC04F23140FB1007DCD1A /* Assets.xcassets in Resources */,
				BA0AC04D23140FAF007DCD1A /* Main.storyboard in Resources */,
			);
			runOnlyForDeploymentPostprocessing = 0;
		};
/* End PBXResourcesBuildPhase section */

/* Begin PBXSourcesBuildPhase section */
		BA0AC04023140FAF007DCD1A /* Sources */ = {
			isa = PBXSourcesBuildPhase;
			buildActionMask = 2147483647;
			files = (
				BA0AC04A23140FAF007DCD1A /* ViewController.swift in Sources */,
				BA049376231547170007B8D7 /* CustomViewPageViewController.swift in Sources */,
				BA0AC04823140FAF007DCD1A /* AppDelegate.swift in Sources */,
				BA0493782315484E0007B8D7 /* SecondViewPage.swift in Sources */,
			);
			runOnlyForDeploymentPostprocessing = 0;
		};
/* End PBXSourcesBuildPhase section */

/* Begin PBXVariantGroup section */
		BA0AC04B23140FAF007DCD1A /* Main.storyboard */ = {
			isa = PBXVariantGroup;
			children = (
				BA0AC04C23140FAF007DCD1A /* Base */,
			);
			name = Main.storyboard;
			sourceTree = "<group>";
		};
		BA0AC05023140FB1007DCD1A /* LaunchScreen.storyboard */ = {
			isa = PBXVariantGroup;
			children = (
				BA0AC05123140FB1007DCD1A /* Base */,
			);
			name = LaunchScreen.storyboard;
			sourceTree = "<group>";
		};
/* End PBXVariantGroup section */

/* Begin XCBuildConfiguration section */
		BA0AC05423140FB1007DCD1A /* Debug */ = {
			isa = XCBuildConfiguration;
			buildSettings = {
				ALWAYS_SEARCH_USER_PATHS = NO;
				CLANG_ANALYZER_NONNULL = YES;
				CLANG_ANALYZER_NUMBER_OBJECT_CONVERSION = YES_AGGRESSIVE;
				CLANG_CXX_LANGUAGE_STANDARD = "gnu++14";
				CLANG_CXX_LIBRARY = "libc++";
				CLANG_ENABLE_MODULES = YES;
				CLANG_ENABLE_OBJC_ARC = YES;
				CLANG_ENABLE_OBJC_WEAK = YES;
				CLANG_WARN_BLOCK_CAPTURE_AUTORELEASING = YES;
				CLANG_WARN_BOOL_CONVERSION = YES;
				CLANG_WARN_COMMA = YES;
				CLANG_WARN_CONSTANT_CONVERSION = YES;
				CLANG_WARN_DEPRECATED_OBJC_IMPLEMENTATIONS = YES;
				CLANG_WARN_DIRECT_OBJC_ISA_USAGE = YES_ERROR;
				CLANG_WARN_DOCUMENTATION_COMMENTS = YES;
				CLANG_WARN_EMPTY_BODY = YES;
				CLANG_WARN_ENUM_CONVERSION = YES;
				CLANG_WARN_INFINITE_RECURSION = YES;
				CLANG_WARN_INT_CONVERSION = YES;
				CLANG_WARN_NON_LITERAL_NULL_CONVERSION = YES;
				CLANG_WARN_OBJC_IMPLICIT_RETAIN_SELF = YES;
				CLANG_WARN_OBJC_LITERAL_CONVERSION = YES;
				CLANG_WARN_OBJC_ROOT_CLASS = YES_ERROR;
				CLANG_WARN_RANGE_LOOP_ANALYSIS = YES;
				CLANG_WARN_STRICT_PROTOTYPES = YES;
				CLANG_WARN_SUSPICIOUS_MOVE = YES;
				CLANG_WARN_UNGUARDED_AVAILABILITY = YES_AGGRESSIVE;
				CLANG_WARN_UNREACHABLE_CODE = YES;
				CLANG_WARN__DUPLICATE_METHOD_MATCH = YES;
				CODE_SIGN_IDENTITY = "iPhone Developer";
				COPY_PHASE_STRIP = NO;
				DEBUG_INFORMATION_FORMAT = dwarf;
				ENABLE_STRICT_OBJC_MSGSEND = YES;
				ENABLE_TESTABILITY = YES;
				GCC_C_LANGUAGE_STANDARD = gnu11;
				GCC_DYNAMIC_NO_PIC = NO;
				GCC_NO_COMMON_BLOCKS = YES;
				GCC_OPTIMIZATION_LEVEL = 0;
				GCC_PREPROCESSOR_DEFINITIONS = (
					"DEBUG=1",
					"$(inherited)",
				);
				GCC_WARN_64_TO_32_BIT_CONVERSION = YES;
				GCC_WARN_ABOUT_RETURN_TYPE = YES_ERROR;
				GCC_WARN_UNDECLARED_SELECTOR = YES;
				GCC_WARN_UNINITIALIZED_AUTOS = YES_AGGRESSIVE;
				GCC_WARN_UNUSED_FUNCTION = YES;
				GCC_WARN_UNUSED_VARIABLE = YES;
				IPHONEOS_DEPLOYMENT_TARGET = 12.2;
				MTL_ENABLE_DEBUG_INFO = INCLUDE_SOURCE;
				MTL_FAST_MATH = YES;
				ONLY_ACTIVE_ARCH = YES;
				SDKROOT = iphoneos;
				SWIFT_ACTIVE_COMPILATION_CONDITIONS = DEBUG;
				SWIFT_OPTIMIZATION_LEVEL = "-Onone";
			};
			name = Debug;
		};
		BA0AC05523140FB1007DCD1A /* Release */ = {
			isa = XCBuildConfiguration;
			buildSettings = {
				ALWAYS_SEARCH_USER_PATHS = NO;
				CLANG_ANALYZER_NONNULL = YES;
				CLANG_ANALYZER_NUMBER_OBJECT_CONVERSION = YES_AGGRESSIVE;
				CLANG_CXX_LANGUAGE_STANDARD = "gnu++14";
				CLANG_CXX_LIBRARY = "libc++";
				CLANG_ENABLE_MODULES = YES;
				CLANG_ENABLE_OBJC_ARC = YES;
				CLANG_ENABLE_OBJC_WEAK = YES;
				CLANG_WARN_BLOCK_CAPTURE_AUTORELEASING = YES;
				CLANG_WARN_BOOL_CONVERSION = YES;
				CLANG_WARN_COMMA = YES;
				CLANG_WARN_CONSTANT_CONVERSION = YES;
				CLANG_WARN_DEPRECATED_OBJC_IMPLEMENTATIONS = YES;
				CLANG_WARN_DIRECT_OBJC_ISA_USAGE = YES_ERROR;
				CLANG_WARN_DOCUMENTATION_COMMENTS = YES;
				CLANG_WARN_EMPTY_BODY = YES;
				CLANG_WARN_ENUM_CONVERSION = YES;
				CLANG_WARN_INFINITE_RECURSION = YES;
				CLANG_WARN_INT_CONVERSION = YES;
				CLANG_WARN_NON_LITERAL_NULL_CONVERSION = YES;
				CLANG_WARN_OBJC_IMPLICIT_RETAIN_SELF = YES;
				CLANG_WARN_OBJC_LITERAL_CONVERSION = YES;
				CLANG_WARN_OBJC_ROOT_CLASS = YES_ERROR;
				CLANG_WARN_RANGE_LOOP_ANALYSIS = YES;
				CLANG_WARN_STRICT_PROTOTYPES = YES;
				CLANG_WARN_SUSPICIOUS_MOVE = YES;
				CLANG_WARN_UNGUARDED_AVAILABILITY = YES_AGGRESSIVE;
				CLANG_WARN_UNREACHABLE_CODE = YES;
				CLANG_WARN__DUPLICATE_METHOD_MATCH = YES;
				CODE_SIGN_IDENTITY = "iPhone Developer";
				COPY_PHASE_STRIP = NO;
				DEBUG_INFORMATION_FORMAT = "dwarf-with-dsym";
				ENABLE_NS_ASSERTIONS = NO;
				ENABLE_STRICT_OBJC_MSGSEND = YES;
				GCC_C_LANGUAGE_STANDARD = gnu11;
				GCC_NO_COMMON_BLOCKS = YES;
				GCC_WARN_64_TO_32_BIT_CONVERSION = YES;
				GCC_WARN_ABOUT_RETURN_TYPE = YES_ERROR;
				GCC_WARN_UNDECLARED_SELECTOR = YES;
				GCC_WARN_UNINITIALIZED_AUTOS = YES_AGGRESSIVE;
				GCC_WARN_UNUSED_FUNCTION = YES;
				GCC_WARN_UNUSED_VARIABLE = YES;
				IPHONEOS_DEPLOYMENT_TARGET = 12.2;
				MTL_ENABLE_DEBUG_INFO = NO;
				MTL_FAST_MATH = YES;
				SDKROOT = iphoneos;
				SWIFT_COMPILATION_MODE = wholemodule;
				SWIFT_OPTIMIZATION_LEVEL = "-O";
				VALIDATE_PRODUCT = YES;
			};
			name = Release;
		};
		BA0AC05723140FB1007DCD1A /* Debug */ = {
			isa = XCBuildConfiguration;
			buildSettings = {
				ASSETCATALOG_COMPILER_APPICON_NAME = AppIcon;
				CODE_SIGN_STYLE = Automatic;
				INFOPLIST_FILE = CustomUIViewPagerController/Info.plist;
				LD_RUNPATH_SEARCH_PATHS = (
					"$(inherited)",
					"@executable_path/Frameworks",
				);
				PRODUCT_BUNDLE_IDENTIFIER = "Mohamed-osama.CustomUIViewPagerController";
				PRODUCT_NAME = "$(TARGET_NAME)";
				SWIFT_VERSION = 5.0;
				TARGETED_DEVICE_FAMILY = "1,2";
			};
			name = Debug;
		};
		BA0AC05823140FB1007DCD1A /* Release */ = {
			isa = XCBuildConfiguration;
			buildSettings = {
				ASSETCATALOG_COMPILER_APPICON_NAME = AppIcon;
				CODE_SIGN_STYLE = Automatic;
				INFOPLIST_FILE = CustomUIViewPagerController/Info.plist;
				LD_RUNPATH_SEARCH_PATHS = (
					"$(inherited)",
					"@executable_path/Frameworks",
				);
				PRODUCT_BUNDLE_IDENTIFIER = "Mohamed-osama.CustomUIViewPagerController";
				PRODUCT_NAME = "$(TARGET_NAME)";
				SWIFT_VERSION = 5.0;
				TARGETED_DEVICE_FAMILY = "1,2";
			};
			name = Release;
		};
/* End XCBuildConfiguration section */

/* Begin XCConfigurationList section */
		BA0AC03F23140FAF007DCD1A /* Build configuration list for PBXProject "CustomUIViewPagerController" */ = {
			isa = XCConfigurationList;
			buildConfigurations = (
				BA0AC05423140FB1007DCD1A /* Debug */,
				BA0AC05523140FB1007DCD1A /* Release */,
			);
			defaultConfigurationIsVisible = 0;
			defaultConfigurationName = Release;
		};
		BA0AC05623140FB1007DCD1A /* Build configuration list for PBXNativeTarget "CustomUIViewPagerController" */ = {
			isa = XCConfigurationList;
			buildConfigurations = (
				BA0AC05723140FB1007DCD1A /* Debug */,
				BA0AC05823140FB1007DCD1A /* Release */,
			);
			defaultConfigurationIsVisible = 0;
			defaultConfigurationName = Release;
		};
/* End XCConfigurationList section */
	};
	rootObject = BA0AC03C23140FAF007DCD1A /* Project object */;
}
